
Microsoft Visual Studio Solution File, Format Version 12.00
# Visual Studio Version 17
VisualStudioVersion = 17.0.32112.339
MinimumVisualStudioVersion = 10.0.40219.1
Project("{9A19103F-16F7-4668-BE54-9A1E7A4F7556}") = "Ejercicio2", "Ejercicio2\Ejercicio2.csproj", "{B3F4BD6D-20A5-467E-B622-55FBF1D05C64}"
EndProject
Global
	GlobalSection(SolutionConfigurationPlatforms) = preSolution
		Debug|Any CPU = Debug|Any CPU
		Release|Any CPU = Release|Any CPU
	EndGlobalSection
	GlobalSection(ProjectConfigurationPlatforms) = postSolution
		{B3F4BD6D-20A5-467E-B622-55FBF1D05C64}.Debug|Any CPU.ActiveCfg = Debug|Any CPU
		{B3F4BD6D-20A5-467E-B622-55FBF1D05C64}.Debug|Any CPU.Build.0 = Debug|Any CPU
		{B3F4BD6D-20A5-467E-B622-55FBF1D05C64}.Release|Any CPU.ActiveCfg = Release|Any CPU
		{B3F4BD6D-20A5-467E-B622-55FBF1D05C64}.Release|Any CPU.Build.0 = Release|Any CPU
	EndGlobalSection
	GlobalSection(SolutionProperties) = preSolution
		HideSolutionNode = FALSE
	EndGlobalSection
	GlobalSection(ExtensibilityGlobals) = postSolution
		SolutionGuid = {7DD45AF8-96CA-40AB-AEE9-C3309A7422E6}
	EndGlobalSection
EndGlobal
