
Microsoft Visual Studio Solution File, Format Version 12.00
# Visual Studio Version 16
VisualStudioVersion = 16.0.32228.343
MinimumVisualStudioVersion = 10.0.40219.1
Project("{FAE04EC0-301F-11D3-BF4B-00C04F79EFBC}") = "Guia2DPWA", "Guia2DPWA\Guia2DPWA.csproj", "{38F9138E-DCB2-45F5-BAC3-54772F15F5A7}"
EndProject
Global
	GlobalSection(SolutionConfigurationPlatforms) = preSolution
		Debug|Any CPU = Debug|Any CPU
		Release|Any CPU = Release|Any CPU
	EndGlobalSection
	GlobalSection(ProjectConfigurationPlatforms) = postSolution
		{38F9138E-DCB2-45F5-BAC3-54772F15F5A7}.Debug|Any CPU.ActiveCfg = Debug|Any CPU
		{38F9138E-DCB2-45F5-BAC3-54772F15F5A7}.Debug|Any CPU.Build.0 = Debug|Any CPU
		{38F9138E-DCB2-45F5-BAC3-54772F15F5A7}.Release|Any CPU.ActiveCfg = Release|Any CPU
		{38F9138E-DCB2-45F5-BAC3-54772F15F5A7}.Release|Any CPU.Build.0 = Release|Any CPU
	EndGlobalSection
	GlobalSection(SolutionProperties) = preSolution
		HideSolutionNode = FALSE
	EndGlobalSection
	GlobalSection(ExtensibilityGlobals) = postSolution
		SolutionGuid = {C8F0DE21-13D5-4A89-87EE-191C8D715B52}
	EndGlobalSection
EndGlobal
